// !$*UTF8*$!
{
	archiveVersion = 1;
	classes = {
	};
	objectVersion = 56;
	objects = {

/* Begin PBXBuildFile section */
		11A409DA2C44346A002A32D3 /* AppDelegate.swift in Sources */ = {isa = PBXBuildFile; fileRef = 11A409D92C44346A002A32D3 /* AppDelegate.swift */; };
		11A409DC2C44346A002A32D3 /* SceneDelegate.swift in Sources */ = {isa = PBXBuildFile; fileRef = 11A409DB2C44346A002A32D3 /* SceneDelegate.swift */; };
		11A409DE2C44346A002A32D3 /* ViewController.swift in Sources */ = {isa = PBXBuildFile; fileRef = 11A409DD2C44346A002A32D3 /* ViewController.swift */; };
		11A409E12C44346A002A32D3 /* Base in Resources */ = {isa = PBXBuildFile; fileRef = 11A409E02C44346A002A32D3 /* Base */; };
		11A409E32C44346B002A32D3 /* Assets.xcassets in Resources */ = {isa = PBXBuildFile; fileRef = 11A409E22C44346B002A32D3 /* Assets.xcassets */; };
		11A409E62C44346B002A32D3 /* Base in Resources */ = {isa = PBXBuildFile; fileRef = 11A409E52C44346B002A32D3 /* Base */; };
		11A409F12C44346B002A32D3 /* satnaTests.swift in Sources */ = {isa = PBXBuildFile; fileRef = 11A409F02C44346B002A32D3 /* satnaTests.swift */; };
		11A409FB2C44346B002A32D3 /* satnaUITests.swift in Sources */ = {isa = PBXBuildFile; fileRef = 11A409FA2C44346B002A32D3 /* satnaUITests.swift */; };
		11A409FD2C44346B002A32D3 /* satnaUITestsLaunchTests.swift in Sources */ = {isa = PBXBuildFile; fileRef = 11A409FC2C44346B002A32D3 /* satnaUITestsLaunchTests.swift */; };
/* End PBXBuildFile section */

/* Begin PBXContainerItemProxy section */
		11A409ED2C44346B002A32D3 /* PBXContainerItemProxy */ = {
			isa = PBXContainerItemProxy;
			containerPortal = 11A409CE2C44346A002A32D3 /* Project object */;
			proxyType = 1;
			remoteGlobalIDString = 11A409D52C44346A002A32D3;
			remoteInfo = satna;
		};
		11A409F72C44346B002A32D3 /* PBXContainerItemProxy */ = {
			isa = PBXContainerItemProxy;
			containerPortal = 11A409CE2C44346A002A32D3 /* Project object */;
			proxyType = 1;
			remoteGlobalIDString = 11A409D52C44346A002A32D3;
			remoteInfo = satna;
		};
/* End PBXContainerItemProxy section */

/* Begin PBXFileReference section */
		11A409D62C44346A002A32D3 /* satna.app */ = {isa = PBXFileReference; explicitFileType = wrapper.application; includeInIndex = 0; path = satna.app; sourceTree = BUILT_PRODUCTS_DIR; };
		11A409D92C44346A002A32D3 /* AppDelegate.swift */ = {isa = PBXFileReference; lastKnownFileType = sourcecode.swift; path = AppDelegate.swift; sourceTree = "<group>"; };
		11A409DB2C44346A002A32D3 /* SceneDelegate.swift */ = {isa = PBXFileReference; lastKnownFileType = sourcecode.swift; path = SceneDelegate.swift; sourceTree = "<group>"; };
		11A409DD2C44346A002A32D3 /* ViewController.swift */ = {isa = PBXFileReference; lastKnownFileType = sourcecode.swift; path = ViewController.swift; sourceTree = "<group>"; };
		11A409E02C44346A002A32D3 /* Base */ = {isa = PBXFileReference; lastKnownFileType = file.storyboard; name = Base; path = Base.lproj/Main.storyboard; sourceTree = "<group>"; };
		11A409E22C44346B002A32D3 /* Assets.xcassets */ = {isa = PBXFileReference; lastKnownFileType = folder.assetcatalog; path = Assets.xcassets; sourceTree = "<group>"; };
		11A409E52C44346B002A32D3 /* Base */ = {isa = PBXFileReference; lastKnownFileType = file.storyboard; name = Base; path = Base.lproj/LaunchScreen.storyboard; sourceTree = "<group>"; };
		11A409E72C44346B002A32D3 /* Info.plist */ = {isa = PBXFileReference; lastKnownFileType = text.plist.xml; path = Info.plist; sourceTree = "<group>"; };
		11A409EC2C44346B002A32D3 /* satnaTests.xctest */ = {isa = PBXFileReference; explicitFileType = wrapper.cfbundle; includeInIndex = 0; path = satnaTests.xctest; sourceTree = BUILT_PRODUCTS_DIR; };
		11A409F02C44346B002A32D3 /* satnaTests.swift */ = {isa = PBXFileReference; lastKnownFileType = sourcecode.swift; path = satnaTests.swift; sourceTree = "<group>"; };
		11A409F62C44346B002A32D3 /* satnaUITests.xctest */ = {isa = PBXFileReference; explicitFileType = wrapper.cfbundle; includeInIndex = 0; path = satnaUITests.xctest; sourceTree = BUILT_PRODUCTS_DIR; };
		11A409FA2C44346B002A32D3 /* satnaUITests.swift */ = {isa = PBXFileReference; lastKnownFileType = sourcecode.swift; path = satnaUITests.swift; sourceTree = "<group>"; };
		11A409FC2C44346B002A32D3 /* satnaUITestsLaunchTests.swift */ = {isa = PBXFileReference; lastKnownFileType = sourcecode.swift; path = satnaUITestsLaunchTests.swift; sourceTree = "<group>"; };
/* End PBXFileReference section */

/* Begin PBXFrameworksBuildPhase section */
		11A409D32C44346A002A32D3 /* Frameworks */ = {
			isa = PBXFrameworksBuildPhase;
			buildActionMask = 2147483647;
			files = (
			);
			runOnlyForDeploymentPostprocessing = 0;
		};
		11A409E92C44346B002A32D3 /* Frameworks */ = {
			isa = PBXFrameworksBuildPhase;
			buildActionMask = 2147483647;
			files = (
			);
			runOnlyForDeploymentPostprocessing = 0;
		};
		11A409F32C44346B002A32D3 /* Frameworks */ = {
			isa = PBXFrameworksBuildPhase;
			buildActionMask = 2147483647;
			files = (
			);
			runOnlyForDeploymentPostprocessing = 0;
		};
/* End PBXFrameworksBuildPhase section */

/* Begin PBXGroup section */
		11A409CD2C44346A002A32D3 = {
			isa = PBXGroup;
			children = (
				11A409D82C44346A002A32D3 /* satna */,
				11A409EF2C44346B002A32D3 /* satnaTests */,
				11A409F92C44346B002A32D3 /* satnaUITests */,
				11A409D72C44346A002A32D3 /* Products */,
			);
			sourceTree = "<group>";
		};
		11A409D72C44346A002A32D3 /* Products */ = {
			isa = PBXGroup;
			children = (
				11A409D62C44346A002A32D3 /* satna.app */,
				11A409EC2C44346B002A32D3 /* satnaTests.xctest */,
				11A409F62C44346B002A32D3 /* satnaUITests.xctest */,
			);
			name = Products;
			sourceTree = "<group>";
		};
		11A409D82C44346A002A32D3 /* satna */ = {
			isa = PBXGroup;
			children = (
				11A409D92C44346A002A32D3 /* AppDelegate.swift */,
				11A409DB2C44346A002A32D3 /* SceneDelegate.swift */,
				11A409DD2C44346A002A32D3 /* ViewController.swift */,
				11A409DF2C44346A002A32D3 /* Main.storyboard */,
				11A409E22C44346B002A32D3 /* Assets.xcassets */,
				11A409E42C44346B002A32D3 /* LaunchScreen.storyboard */,
				11A409E72C44346B002A32D3 /* Info.plist */,
			);
			path = satna;
			sourceTree = "<group>";
		};
		11A409EF2C44346B002A32D3 /* satnaTests */ = {
			isa = PBXGroup;
			children = (
				11A409F02C44346B002A32D3 /* satnaTests.swift */,
			);
			path = satnaTests;
			sourceTree = "<group>";
		};
		11A409F92C44346B002A32D3 /* satnaUITests */ = {
			isa = PBXGroup;
			children = (
				11A409FA2C44346B002A32D3 /* satnaUITests.swift */,
				11A409FC2C44346B002A32D3 /* satnaUITestsLaunchTests.swift */,
			);
			path = satnaUITests;
			sourceTree = "<group>";
		};
/* End PBXGroup section */

/* Begin PBXNativeTarget section */
		11A409D52C44346A002A32D3 /* satna */ = {
			isa = PBXNativeTarget;
			buildConfigurationList = 11A40A002C44346B002A32D3 /* Build configuration list for PBXNativeTarget "satna" */;
			buildPhases = (
				11A409D22C44346A002A32D3 /* Sources */,
				11A409D32C44346A002A32D3 /* Frameworks */,
				11A409D42C44346A002A32D3 /* Resources */,
			);
			buildRules = (
			);
			dependencies = (
			);
			name = satna;
			productName = satna;
			productReference = 11A409D62C44346A002A32D3 /* satna.app */;
			productType = "com.apple.product-type.application";
		};
		11A409EB2C44346B002A32D3 /* satnaTests */ = {
			isa = PBXNativeTarget;
			buildConfigurationList = 11A40A032C44346B002A32D3 /* Build configuration list for PBXNativeTarget "satnaTests" */;
			buildPhases = (
				11A409E82C44346B002A32D3 /* Sources */,
				11A409E92C44346B002A32D3 /* Frameworks */,
				11A409EA2C44346B002A32D3 /* Resources */,
			);
			buildRules = (
			);
			dependencies = (
				11A409EE2C44346B002A32D3 /* PBXTargetDependency */,
			);
			name = satnaTests;
			productName = satnaTests;
			productReference = 11A409EC2C44346B002A32D3 /* satnaTests.xctest */;
			productType = "com.apple.product-type.bundle.unit-test";
		};
		11A409F52C44346B002A32D3 /* satnaUITests */ = {
			isa = PBXNativeTarget;
			buildConfigurationList = 11A40A062C44346B002A32D3 /* Build configuration list for PBXNativeTarget "satnaUITests" */;
			buildPhases = (
				11A409F22C44346B002A32D3 /* Sources */,
				11A409F32C44346B002A32D3 /* Frameworks */,
				11A409F42C44346B002A32D3 /* Resources */,
			);
			buildRules = (
			);
			dependencies = (
				11A409F82C44346B002A32D3 /* PBXTargetDependency */,
			);
			name = satnaUITests;
			productName = satnaUITests;
			productReference = 11A409F62C44346B002A32D3 /* satnaUITests.xctest */;
			productType = "com.apple.product-type.bundle.ui-testing";
		};
/* End PBXNativeTarget section */

/* Begin PBXProject section */
		11A409CE2C44346A002A32D3 /* Project object */ = {
			isa = PBXProject;
			attributes = {
				BuildIndependentTargetsInParallel = 1;
				LastSwiftUpdateCheck = 1540;
				LastUpgradeCheck = 1540;
				TargetAttributes = {
					11A409D52C44346A002A32D3 = {
						CreatedOnToolsVersion = 15.4;
					};
					11A409EB2C44346B002A32D3 = {
						CreatedOnToolsVersion = 15.4;
						TestTargetID = 11A409D52C44346A002A32D3;
					};
					11A409F52C44346B002A32D3 = {
						CreatedOnToolsVersion = 15.4;
						TestTargetID = 11A409D52C44346A002A32D3;
					};
				};
			};
			buildConfigurationList = 11A409D12C44346A002A32D3 /* Build configuration list for PBXProject "satna" */;
			compatibilityVersion = "Xcode 14.0";
			developmentRegion = en;
			hasScannedForEncodings = 0;
			knownRegions = (
				en,
				Base,
			);
			mainGroup = 11A409CD2C44346A002A32D3;
			productRefGroup = 11A409D72C44346A002A32D3 /* Products */;
			projectDirPath = "";
			projectRoot = "";
			targets = (
				11A409D52C44346A002A32D3 /* satna */,
				11A409EB2C44346B002A32D3 /* satnaTests */,
				11A409F52C44346B002A32D3 /* satnaUITests */,
			);
		};
/* End PBXProject section */

/* Begin PBXResourcesBuildPhase section */
		11A409D42C44346A002A32D3 /* Resources */ = {
			isa = PBXResourcesBuildPhase;
			buildActionMask = 2147483647;
			files = (
				11A409E32C44346B002A32D3 /* Assets.xcassets in Resources */,
				11A409E62C44346B002A32D3 /* Base in Resources */,
				11A409E12C44346A002A32D3 /* Base in Resources */,
			);
			runOnlyForDeploymentPostprocessing = 0;
		};
		11A409EA2C44346B002A32D3 /* Resources */ = {
			isa = PBXResourcesBuildPhase;
			buildActionMask = 2147483647;
			files = (
			);
			runOnlyForDeploymentPostprocessing = 0;
		};
		11A409F42C44346B002A32D3 /* Resources */ = {
			isa = PBXResourcesBuildPhase;
			buildActionMask = 2147483647;
			files = (
			);
			runOnlyForDeploymentPostprocessing = 0;
		};
/* End PBXResourcesBuildPhase section */

/* Begin PBXSourcesBuildPhase section */
		11A409D22C44346A002A32D3 /* Sources */ = {
			isa = PBXSourcesBuildPhase;
			buildActionMask = 2147483647;
			files = (
				11A409DE2C44346A002A32D3 /* ViewController.swift in Sources */,
				11A409DA2C44346A002A32D3 /* AppDelegate.swift in Sources */,
				11A409DC2C44346A002A32D3 /* SceneDelegate.swift in Sources */,
			);
			runOnlyForDeploymentPostprocessing = 0;
		};
		11A409E82C44346B002A32D3 /* Sources */ = {
			isa = PBXSourcesBuildPhase;
			buildActionMask = 2147483647;
			files = (
				11A409F12C44346B002A32D3 /* satnaTests.swift in Sources */,
			);
			runOnlyForDeploymentPostprocessing = 0;
		};
		11A409F22C44346B002A32D3 /* Sources */ = {
			isa = PBXSourcesBuildPhase;
			buildActionMask = 2147483647;
			files = (
				11A409FD2C44346B002A32D3 /* satnaUITestsLaunchTests.swift in Sources */,
				11A409FB2C44346B002A32D3 /* satnaUITests.swift in Sources */,
			);
			runOnlyForDeploymentPostprocessing = 0;
		};
/* End PBXSourcesBuildPhase section */

/* Begin PBXTargetDependency section */
		11A409EE2C44346B002A32D3 /* PBXTargetDependency */ = {
			isa = PBXTargetDependency;
			target = 11A409D52C44346A002A32D3 /* satna */;
			targetProxy = 11A409ED2C44346B002A32D3 /* PBXContainerItemProxy */;
		};
		11A409F82C44346B002A32D3 /* PBXTargetDependency */ = {
			isa = PBXTargetDependency;
			target = 11A409D52C44346A002A32D3 /* satna */;
			targetProxy = 11A409F72C44346B002A32D3 /* PBXContainerItemProxy */;
		};
/* End PBXTargetDependency section */

/* Begin PBXVariantGroup section */
		11A409DF2C44346A002A32D3 /* Main.storyboard */ = {
			isa = PBXVariantGroup;
			children = (
				11A409E02C44346A002A32D3 /* Base */,
			);
			name = Main.storyboard;
			sourceTree = "<group>";
		};
		11A409E42C44346B002A32D3 /* LaunchScreen.storyboard */ = {
			isa = PBXVariantGroup;
			children = (
				11A409E52C44346B002A32D3 /* Base */,
			);
			name = LaunchScreen.storyboard;
			sourceTree = "<group>";
		};
/* End PBXVariantGroup section */

/* Begin XCBuildConfiguration section */
		11A409FE2C44346B002A32D3 /* Debug */ = {
			isa = XCBuildConfiguration;
			buildSettings = {
				ALWAYS_SEARCH_USER_PATHS = NO;
				ASSETCATALOG_COMPILER_GENERATE_SWIFT_ASSET_SYMBOL_EXTENSIONS = YES;
				CLANG_ANALYZER_NONNULL = YES;
				CLANG_ANALYZER_NUMBER_OBJECT_CONVERSION = YES_AGGRESSIVE;
				CLANG_CXX_LANGUAGE_STANDARD = "gnu++20";
				CLANG_ENABLE_MODULES = YES;
				CLANG_ENABLE_OBJC_ARC = YES;
				CLANG_ENABLE_OBJC_WEAK = YES;
				CLANG_WARN_BLOCK_CAPTURE_AUTORELEASING = YES;
				CLANG_WARN_BOOL_CONVERSION = YES;
				CLANG_WARN_COMMA = YES;
				CLANG_WARN_CONSTANT_CONVERSION = YES;
				CLANG_WARN_DEPRECATED_OBJC_IMPLEMENTATIONS = YES;
				CLANG_WARN_DIRECT_OBJC_ISA_USAGE = YES_ERROR;
				CLANG_WARN_DOCUMENTATION_COMMENTS = YES;
				CLANG_WARN_EMPTY_BODY = YES;
				CLANG_WARN_ENUM_CONVERSION = YES;
				CLANG_WARN_INFINITE_RECURSION = YES;
				CLANG_WARN_INT_CONVERSION = YES;
				CLANG_WARN_NON_LITERAL_NULL_CONVERSION = YES;
				CLANG_WARN_OBJC_IMPLICIT_RETAIN_SELF = YES;
				CLANG_WARN_OBJC_LITERAL_CONVERSION = YES;
				CLANG_WARN_OBJC_ROOT_CLASS = YES_ERROR;
				CLANG_WARN_QUOTED_INCLUDE_IN_FRAMEWORK_HEADER = YES;
				CLANG_WARN_RANGE_LOOP_ANALYSIS = YES;
				CLANG_WARN_STRICT_PROTOTYPES = YES;
				CLANG_WARN_SUSPICIOUS_MOVE = YES;
				CLANG_WARN_UNGUARDED_AVAILABILITY = YES_AGGRESSIVE;
				CLANG_WARN_UNREACHABLE_CODE = YES;
				CLANG_WARN__DUPLICATE_METHOD_MATCH = YES;
				COPY_PHASE_STRIP = NO;
				DEBUG_INFORMATION_FORMAT = dwarf;
				ENABLE_STRICT_OBJC_MSGSEND = YES;
				ENABLE_TESTABILITY = YES;
				ENABLE_USER_SCRIPT_SANDBOXING = YES;
				GCC_C_LANGUAGE_STANDARD = gnu17;
				GCC_DYNAMIC_NO_PIC = NO;
				GCC_NO_COMMON_BLOCKS = YES;
				GCC_OPTIMIZATION_LEVEL = 0;
				GCC_PREPROCESSOR_DEFINITIONS = (
					"DEBUG=1",
					"$(inherited)",
				);
				GCC_WARN_64_TO_32_BIT_CONVERSION = YES;
				GCC_WARN_ABOUT_RETURN_TYPE = YES_ERROR;
				GCC_WARN_UNDECLARED_SELECTOR = YES;
				GCC_WARN_UNINITIALIZED_AUTOS = YES_AGGRESSIVE;
				GCC_WARN_UNUSED_FUNCTION = YES;
				GCC_WARN_UNUSED_VARIABLE = YES;
				IPHONEOS_DEPLOYMENT_TARGET = 17.5;
				LOCALIZATION_PREFERS_STRING_CATALOGS = YES;
				MTL_ENABLE_DEBUG_INFO = INCLUDE_SOURCE;
				MTL_FAST_MATH = YES;
				ONLY_ACTIVE_ARCH = YES;
				SDKROOT = iphoneos;
				SWIFT_ACTIVE_COMPILATION_CONDITIONS = "DEBUG $(inherited)";
				SWIFT_OPTIMIZATION_LEVEL = "-Onone";
			};
			name = Debug;
		};
		11A409FF2C44346B002A32D3 /* Release */ = {
			isa = XCBuildConfiguration;
			buildSettings = {
				ALWAYS_SEARCH_USER_PATHS = NO;
				ASSETCATALOG_COMPILER_GENERATE_SWIFT_ASSET_SYMBOL_EXTENSIONS = YES;
				CLANG_ANALYZER_NONNULL = YES;
				CLANG_ANALYZER_NUMBER_OBJECT_CONVERSION = YES_AGGRESSIVE;
				CLANG_CXX_LANGUAGE_STANDARD = "gnu++20";
				CLANG_ENABLE_MODULES = YES;
				CLANG_ENABLE_OBJC_ARC = YES;
				CLANG_ENABLE_OBJC_WEAK = YES;
				CLANG_WARN_BLOCK_CAPTURE_AUTORELEASING = YES;
				CLANG_WARN_BOOL_CONVERSION = YES;
				CLANG_WARN_COMMA = YES;
				CLANG_WARN_CONSTANT_CONVERSION = YES;
				CLANG_WARN_DEPRECATED_OBJC_IMPLEMENTATIONS = YES;
				CLANG_WARN_DIRECT_OBJC_ISA_USAGE = YES_ERROR;
				CLANG_WARN_DOCUMENTATION_COMMENTS = YES;
				CLANG_WARN_EMPTY_BODY = YES;
				CLANG_WARN_ENUM_CONVERSION = YES;
				CLANG_WARN_INFINITE_RECURSION = YES;
				CLANG_WARN_INT_CONVERSION = YES;
				CLANG_WARN_NON_LITERAL_NULL_CONVERSION = YES;
				CLANG_WARN_OBJC_IMPLICIT_RETAIN_SELF = YES;
				CLANG_WARN_OBJC_LITERAL_CONVERSION = YES;
				CLANG_WARN_OBJC_ROOT_CLASS = YES_ERROR;
				CLANG_WARN_QUOTED_INCLUDE_IN_FRAMEWORK_HEADER = YES;
				CLANG_WARN_RANGE_LOOP_ANALYSIS = YES;
				CLANG_WARN_STRICT_PROTOTYPES = YES;
				CLANG_WARN_SUSPICIOUS_MOVE = YES;
				CLANG_WARN_UNGUARDED_AVAILABILITY = YES_AGGRESSIVE;
				CLANG_WARN_UNREACHABLE_CODE = YES;
				CLANG_WARN__DUPLICATE_METHOD_MATCH = YES;
				COPY_PHASE_STRIP = NO;
				DEBUG_INFORMATION_FORMAT = "dwarf-with-dsym";
				ENABLE_NS_ASSERTIONS = NO;
				ENABLE_STRICT_OBJC_MSGSEND = YES;
				ENABLE_USER_SCRIPT_SANDBOXING = YES;
				GCC_C_LANGUAGE_STANDARD = gnu17;
				GCC_NO_COMMON_BLOCKS = YES;
				GCC_WARN_64_TO_32_BIT_CONVERSION = YES;
				GCC_WARN_ABOUT_RETURN_TYPE = YES_ERROR;
				GCC_WARN_UNDECLARED_SELECTOR = YES;
				GCC_WARN_UNINITIALIZED_AUTOS = YES_AGGRESSIVE;
				GCC_WARN_UNUSED_FUNCTION = YES;
				GCC_WARN_UNUSED_VARIABLE = YES;
				IPHONEOS_DEPLOYMENT_TARGET = 17.5;
				LOCALIZATION_PREFERS_STRING_CATALOGS = YES;
				MTL_ENABLE_DEBUG_INFO = NO;
				MTL_FAST_MATH = YES;
				SDKROOT = iphoneos;
				SWIFT_COMPILATION_MODE = wholemodule;
				VALIDATE_PRODUCT = YES;
			};
			name = Release;
		};
		11A40A012C44346B002A32D3 /* Debug */ = {
			isa = XCBuildConfiguration;
			buildSettings = {
				ASSETCATALOG_COMPILER_APPICON_NAME = AppIcon;
				ASSETCATALOG_COMPILER_GLOBAL_ACCENT_COLOR_NAME = AccentColor;
				CODE_SIGN_STYLE = Automatic;
				CURRENT_PROJECT_VERSION = 1;
				GENERATE_INFOPLIST_FILE = YES;
				INFOPLIST_FILE = satna/Info.plist;
				INFOPLIST_KEY_UIApplicationSupportsIndirectInputEvents = YES;
				INFOPLIST_KEY_UILaunchStoryboardName = LaunchScreen;
				INFOPLIST_KEY_UIMainStoryboardFile = Main;
				INFOPLIST_KEY_UISupportedInterfaceOrientations_iPad = "UIInterfaceOrientationPortrait UIInterfaceOrientationPortraitUpsideDown UIInterfaceOrientationLandscapeLeft UIInterfaceOrientationLandscapeRight";
				INFOPLIST_KEY_UISupportedInterfaceOrientations_iPhone = "UIInterfaceOrientationPortrait UIInterfaceOrientationLandscapeLeft UIInterfaceOrientationLandscapeRight";
				LD_RUNPATH_SEARCH_PATHS = (
					"$(inherited)",
					"@executable_path/Frameworks",
				);
				MARKETING_VERSION = 1.0;
				PRODUCT_BUNDLE_IDENTIFIER = test.satna;
				PRODUCT_NAME = "$(TARGET_NAME)";
				SWIFT_EMIT_LOC_STRINGS = YES;
				SWIFT_VERSION = 5.0;
				TARGETED_DEVICE_FAMILY = "1,2";
			};
			name = Debug;
		};
		11A40A022C44346B002A32D3 /* Release */ = {
			isa = XCBuildConfiguration;
			buildSettings = {
				ASSETCATALOG_COMPILER_APPICON_NAME = AppIcon;
				ASSETCATALOG_COMPILER_GLOBAL_ACCENT_COLOR_NAME = AccentColor;
				CODE_SIGN_STYLE = Automatic;
				CURRENT_PROJECT_VERSION = 1;
				GENERATE_INFOPLIST_FILE = YES;
				INFOPLIST_FILE = satna/Info.plist;
				INFOPLIST_KEY_UIApplicationSupportsIndirectInputEvents = YES;
				INFOPLIST_KEY_UILaunchStoryboardName = LaunchScreen;
				INFOPLIST_KEY_UIMainStoryboardFile = Main;
				INFOPLIST_KEY_UISupportedInterfaceOrientations_iPad = "UIInterfaceOrientationPortrait UIInterfaceOrientationPortraitUpsideDown UIInterfaceOrientationLandscapeLeft UIInterfaceOrientationLandscapeRight";
				INFOPLIST_KEY_UISupportedInterfaceOrientations_iPhone = "UIInterfaceOrientationPortrait UIInterfaceOrientationLandscapeLeft UIInterfaceOrientationLandscapeRight";
				LD_RUNPATH_SEARCH_PATHS = (
					"$(inherited)",
					"@executable_path/Frameworks",
				);
				MARKETING_VERSION = 1.0;
				PRODUCT_BUNDLE_IDENTIFIER = test.satna;
				PRODUCT_NAME = "$(TARGET_NAME)";
				SWIFT_EMIT_LOC_STRINGS = YES;
				SWIFT_VERSION = 5.0;
				TARGETED_DEVICE_FAMILY = "1,2";
			};
			name = Release;
		};
		11A40A042C44346B002A32D3 /* Debug */ = {
			isa = XCBuildConfiguration;
			buildSettings = {
				ALWAYS_EMBED_SWIFT_STANDARD_LIBRARIES = YES;
				BUNDLE_LOADER = "$(TEST_HOST)";
				CODE_SIGN_STYLE = Automatic;
				CURRENT_PROJECT_VERSION = 1;
				GENERATE_INFOPLIST_FILE = YES;
				IPHONEOS_DEPLOYMENT_TARGET = 17.5;
				MARKETING_VERSION = 1.0;
				PRODUCT_BUNDLE_IDENTIFIER = test.satnaTests;
				PRODUCT_NAME = "$(TARGET_NAME)";
				SWIFT_EMIT_LOC_STRINGS = NO;
				SWIFT_VERSION = 5.0;
				TARGETED_DEVICE_FAMILY = "1,2";
				TEST_HOST = "$(BUILT_PRODUCTS_DIR)/satna.app/$(BUNDLE_EXECUTABLE_FOLDER_PATH)/satna";
			};
			name = Debug;
		};
		11A40A052C44346B002A32D3 /* Release */ = {
			isa = XCBuildConfiguration;
			buildSettings = {
				ALWAYS_EMBED_SWIFT_STANDARD_LIBRARIES = YES;
				BUNDLE_LOADER = "$(TEST_HOST)";
				CODE_SIGN_STYLE = Automatic;
				CURRENT_PROJECT_VERSION = 1;
				GENERATE_INFOPLIST_FILE = YES;
				IPHONEOS_DEPLOYMENT_TARGET = 17.5;
				MARKETING_VERSION = 1.0;
				PRODUCT_BUNDLE_IDENTIFIER = test.satnaTests;
				PRODUCT_NAME = "$(TARGET_NAME)";
				SWIFT_EMIT_LOC_STRINGS = NO;
				SWIFT_VERSION = 5.0;
				TARGETED_DEVICE_FAMILY = "1,2";
				TEST_HOST = "$(BUILT_PRODUCTS_DIR)/satna.app/$(BUNDLE_EXECUTABLE_FOLDER_PATH)/satna";
			};
			name = Release;
		};
		11A40A072C44346B002A32D3 /* Debug */ = {
			isa = XCBuildConfiguration;
			buildSettings = {
				ALWAYS_EMBED_SWIFT_STANDARD_LIBRARIES = YES;
				CODE_SIGN_STYLE = Automatic;
				CURRENT_PROJECT_VERSION = 1;
				GENERATE_INFOPLIST_FILE = YES;
				MARKETING_VERSION = 1.0;
				PRODUCT_BUNDLE_IDENTIFIER = test.satnaUITests;
				PRODUCT_NAME = "$(TARGET_NAME)";
				SWIFT_EMIT_LOC_STRINGS = NO;
				SWIFT_VERSION = 5.0;
				TARGETED_DEVICE_FAMILY = "1,2";
				TEST_TARGET_NAME = satna;
			};
			name = Debug;
		};
		11A40A082C44346B002A32D3 /* Release */ = {
			isa = XCBuildConfiguration;
			buildSettings = {
				ALWAYS_EMBED_SWIFT_STANDARD_LIBRARIES = YES;
				CODE_SIGN_STYLE = Automatic;
				CURRENT_PROJECT_VERSION = 1;
				GENERATE_INFOPLIST_FILE = YES;
				MARKETING_VERSION = 1.0;
				PRODUCT_BUNDLE_IDENTIFIER = test.satnaUITests;
				PRODUCT_NAME = "$(TARGET_NAME)";
				SWIFT_EMIT_LOC_STRINGS = NO;
				SWIFT_VERSION = 5.0;
				TARGETED_DEVICE_FAMILY = "1,2";
				TEST_TARGET_NAME = satna;
			};
			name = Release;
		};
/* End XCBuildConfiguration section */

/* Begin XCConfigurationList section */
		11A409D12C44346A002A32D3 /* Build configuration list for PBXProject "satna" */ = {
			isa = XCConfigurationList;
			buildConfigurations = (
				11A409FE2C44346B002A32D3 /* Debug */,
				11A409FF2C44346B002A32D3 /* Release */,
			);
			defaultConfigurationIsVisible = 0;
			defaultConfigurationName = Release;
		};
		11A40A002C44346B002A32D3 /* Build configuration list for PBXNativeTarget "satna" */ = {
			isa = XCConfigurationList;
			buildConfigurations = (
				11A40A012C44346B002A32D3 /* Debug */,
				11A40A022C44346B002A32D3 /* Release */,
			);
			defaultConfigurationIsVisible = 0;
			defaultConfigurationName = Release;
		};
		11A40A032C44346B002A32D3 /* Build configuration list for PBXNativeTarget "satnaTests" */ = {
			isa = XCConfigurationList;
			buildConfigurations = (
				11A40A042C44346B002A32D3 /* Debug */,
				11A40A052C44346B002A32D3 /* Release */,
			);
			defaultConfigurationIsVisible = 0;
			defaultConfigurationName = Release;
		};
		11A40A062C44346B002A32D3 /* Build configuration list for PBXNativeTarget "satnaUITests" */ = {
			isa = XCConfigurationList;
			buildConfigurations = (
				11A40A072C44346B002A32D3 /* Debug */,
				11A40A082C44346B002A32D3 /* Release */,
			);
			defaultConfigurationIsVisible = 0;
			defaultConfigurationName = Release;
		};
/* End XCConfigurationList section */
	};
	rootObject = 11A409CE2C44346A002A32D3 /* Project object */;
}
