// !$*UTF8*$!
{
	archiveVersion = 1;
	classes = {
	};
	objectVersion = 56;
	objects = {

/* Begin PBXBuildFile section */
		1159AF9D2C4453C4008DBF75 /* AppDelegate.swift in Sources */ = {isa = PBXBuildFile; fileRef = 1159AF9C2C4453C4008DBF75 /* AppDelegate.swift */; };
		1159AF9F2C4453C4008DBF75 /* SceneDelegate.swift in Sources */ = {isa = PBXBuildFile; fileRef = 1159AF9E2C4453C4008DBF75 /* SceneDelegate.swift */; };
		1159AFA12C4453C4008DBF75 /* ViewController.swift in Sources */ = {isa = PBXBuildFile; fileRef = 1159AFA02C4453C4008DBF75 /* ViewController.swift */; };
		1159AFA42C4453C4008DBF75 /* Base in Resources */ = {isa = PBXBuildFile; fileRef = 1159AFA32C4453C4008DBF75 /* Base */; };
		1159AFA62C4453C6008DBF75 /* Assets.xcassets in Resources */ = {isa = PBXBuildFile; fileRef = 1159AFA52C4453C6008DBF75 /* Assets.xcassets */; };
		1159AFA92C4453C6008DBF75 /* Base in Resources */ = {isa = PBXBuildFile; fileRef = 1159AFA82C4453C6008DBF75 /* Base */; };
		1159AFB42C4453C6008DBF75 /* mainsatnaTests.swift in Sources */ = {isa = PBXBuildFile; fileRef = 1159AFB32C4453C6008DBF75 /* mainsatnaTests.swift */; };
		1159AFBE2C4453C6008DBF75 /* mainsatnaUITests.swift in Sources */ = {isa = PBXBuildFile; fileRef = 1159AFBD2C4453C6008DBF75 /* mainsatnaUITests.swift */; };
		1159AFC02C4453C6008DBF75 /* mainsatnaUITestsLaunchTests.swift in Sources */ = {isa = PBXBuildFile; fileRef = 1159AFBF2C4453C6008DBF75 /* mainsatnaUITestsLaunchTests.swift */; };
/* End PBXBuildFile section */

/* Begin PBXContainerItemProxy section */
		1159AFB02C4453C6008DBF75 /* PBXContainerItemProxy */ = {
			isa = PBXContainerItemProxy;
			containerPortal = 1159AF912C4453C4008DBF75 /* Project object */;
			proxyType = 1;
			remoteGlobalIDString = 1159AF982C4453C4008DBF75;
			remoteInfo = mainsatna;
		};
		1159AFBA2C4453C6008DBF75 /* PBXContainerItemProxy */ = {
			isa = PBXContainerItemProxy;
			containerPortal = 1159AF912C4453C4008DBF75 /* Project object */;
			proxyType = 1;
			remoteGlobalIDString = 1159AF982C4453C4008DBF75;
			remoteInfo = mainsatna;
		};
/* End PBXContainerItemProxy section */

/* Begin PBXFileReference section */
		1159AF992C4453C4008DBF75 /* mainsatna.app */ = {isa = PBXFileReference; explicitFileType = wrapper.application; includeInIndex = 0; path = mainsatna.app; sourceTree = BUILT_PRODUCTS_DIR; };
		1159AF9C2C4453C4008DBF75 /* AppDelegate.swift */ = {isa = PBXFileReference; lastKnownFileType = sourcecode.swift; path = AppDelegate.swift; sourceTree = "<group>"; };
		1159AF9E2C4453C4008DBF75 /* SceneDelegate.swift */ = {isa = PBXFileReference; lastKnownFileType = sourcecode.swift; path = SceneDelegate.swift; sourceTree = "<group>"; };
		1159AFA02C4453C4008DBF75 /* ViewController.swift */ = {isa = PBXFileReference; lastKnownFileType = sourcecode.swift; path = ViewController.swift; sourceTree = "<group>"; };
		1159AFA32C4453C4008DBF75 /* Base */ = {isa = PBXFileReference; lastKnownFileType = file.storyboard; name = Base; path = Base.lproj/Main.storyboard; sourceTree = "<group>"; };
		1159AFA52C4453C6008DBF75 /* Assets.xcassets */ = {isa = PBXFileReference; lastKnownFileType = folder.assetcatalog; path = Assets.xcassets; sourceTree = "<group>"; };
		1159AFA82C4453C6008DBF75 /* Base */ = {isa = PBXFileReference; lastKnownFileType = file.storyboard; name = Base; path = Base.lproj/LaunchScreen.storyboard; sourceTree = "<group>"; };
		1159AFAA2C4453C6008DBF75 /* Info.plist */ = {isa = PBXFileReference; lastKnownFileType = text.plist.xml; path = Info.plist; sourceTree = "<group>"; };
		1159AFAF2C4453C6008DBF75 /* mainsatnaTests.xctest */ = {isa = PBXFileReference; explicitFileType = wrapper.cfbundle; includeInIndex = 0; path = mainsatnaTests.xctest; sourceTree = BUILT_PRODUCTS_DIR; };
		1159AFB32C4453C6008DBF75 /* mainsatnaTests.swift */ = {isa = PBXFileReference; lastKnownFileType = sourcecode.swift; path = mainsatnaTests.swift; sourceTree = "<group>"; };
		1159AFB92C4453C6008DBF75 /* mainsatnaUITests.xctest */ = {isa = PBXFileReference; explicitFileType = wrapper.cfbundle; includeInIndex = 0; path = mainsatnaUITests.xctest; sourceTree = BUILT_PRODUCTS_DIR; };
		1159AFBD2C4453C6008DBF75 /* mainsatnaUITests.swift */ = {isa = PBXFileReference; lastKnownFileType = sourcecode.swift; path = mainsatnaUITests.swift; sourceTree = "<group>"; };
		1159AFBF2C4453C6008DBF75 /* mainsatnaUITestsLaunchTests.swift */ = {isa = PBXFileReference; lastKnownFileType = sourcecode.swift; path = mainsatnaUITestsLaunchTests.swift; sourceTree = "<group>"; };
/* End PBXFileReference section */

/* Begin PBXFrameworksBuildPhase section */
		1159AF962C4453C4008DBF75 /* Frameworks */ = {
			isa = PBXFrameworksBuildPhase;
			buildActionMask = 2147483647;
			files = (
			);
			runOnlyForDeploymentPostprocessing = 0;
		};
		1159AFAC2C4453C6008DBF75 /* Frameworks */ = {
			isa = PBXFrameworksBuildPhase;
			buildActionMask = 2147483647;
			files = (
			);
			runOnlyForDeploymentPostprocessing = 0;
		};
		1159AFB62C4453C6008DBF75 /* Frameworks */ = {
			isa = PBXFrameworksBuildPhase;
			buildActionMask = 2147483647;
			files = (
			);
			runOnlyForDeploymentPostprocessing = 0;
		};
/* End PBXFrameworksBuildPhase section */

/* Begin PBXGroup section */
		1159AF902C4453C4008DBF75 = {
			isa = PBXGroup;
			children = (
				1159AF9B2C4453C4008DBF75 /* mainsatna */,
				1159AFB22C4453C6008DBF75 /* mainsatnaTests */,
				1159AFBC2C4453C6008DBF75 /* mainsatnaUITests */,
				1159AF9A2C4453C4008DBF75 /* Products */,
			);
			sourceTree = "<group>";
		};
		1159AF9A2C4453C4008DBF75 /* Products */ = {
			isa = PBXGroup;
			children = (
				1159AF992C4453C4008DBF75 /* mainsatna.app */,
				1159AFAF2C4453C6008DBF75 /* mainsatnaTests.xctest */,
				1159AFB92C4453C6008DBF75 /* mainsatnaUITests.xctest */,
			);
			name = Products;
			sourceTree = "<group>";
		};
		1159AF9B2C4453C4008DBF75 /* mainsatna */ = {
			isa = PBXGroup;
			children = (
				1159AF9C2C4453C4008DBF75 /* AppDelegate.swift */,
				1159AF9E2C4453C4008DBF75 /* SceneDelegate.swift */,
				1159AFA02C4453C4008DBF75 /* ViewController.swift */,
				1159AFA22C4453C4008DBF75 /* Main.storyboard */,
				1159AFA52C4453C6008DBF75 /* Assets.xcassets */,
				1159AFA72C4453C6008DBF75 /* LaunchScreen.storyboard */,
				1159AFAA2C4453C6008DBF75 /* Info.plist */,
			);
			path = mainsatna;
			sourceTree = "<group>";
		};
		1159AFB22C4453C6008DBF75 /* mainsatnaTests */ = {
			isa = PBXGroup;
			children = (
				1159AFB32C4453C6008DBF75 /* mainsatnaTests.swift */,
			);
			path = mainsatnaTests;
			sourceTree = "<group>";
		};
		1159AFBC2C4453C6008DBF75 /* mainsatnaUITests */ = {
			isa = PBXGroup;
			children = (
				1159AFBD2C4453C6008DBF75 /* mainsatnaUITests.swift */,
				1159AFBF2C4453C6008DBF75 /* mainsatnaUITestsLaunchTests.swift */,
			);
			path = mainsatnaUITests;
			sourceTree = "<group>";
		};
/* End PBXGroup section */

/* Begin PBXNativeTarget section */
		1159AF982C4453C4008DBF75 /* mainsatna */ = {
			isa = PBXNativeTarget;
			buildConfigurationList = 1159AFC32C4453C6008DBF75 /* Build configuration list for PBXNativeTarget "mainsatna" */;
			buildPhases = (
				1159AF952C4453C4008DBF75 /* Sources */,
				1159AF962C4453C4008DBF75 /* Frameworks */,
				1159AF972C4453C4008DBF75 /* Resources */,
			);
			buildRules = (
			);
			dependencies = (
			);
			name = mainsatna;
			productName = mainsatna;
			productReference = 1159AF992C4453C4008DBF75 /* mainsatna.app */;
			productType = "com.apple.product-type.application";
		};
		1159AFAE2C4453C6008DBF75 /* mainsatnaTests */ = {
			isa = PBXNativeTarget;
			buildConfigurationList = 1159AFC62C4453C6008DBF75 /* Build configuration list for PBXNativeTarget "mainsatnaTests" */;
			buildPhases = (
				1159AFAB2C4453C6008DBF75 /* Sources */,
				1159AFAC2C4453C6008DBF75 /* Frameworks */,
				1159AFAD2C4453C6008DBF75 /* Resources */,
			);
			buildRules = (
			);
			dependencies = (
				1159AFB12C4453C6008DBF75 /* PBXTargetDependency */,
			);
			name = mainsatnaTests;
			productName = mainsatnaTests;
			productReference = 1159AFAF2C4453C6008DBF75 /* mainsatnaTests.xctest */;
			productType = "com.apple.product-type.bundle.unit-test";
		};
		1159AFB82C4453C6008DBF75 /* mainsatnaUITests */ = {
			isa = PBXNativeTarget;
			buildConfigurationList = 1159AFC92C4453C6008DBF75 /* Build configuration list for PBXNativeTarget "mainsatnaUITests" */;
			buildPhases = (
				1159AFB52C4453C6008DBF75 /* Sources */,
				1159AFB62C4453C6008DBF75 /* Frameworks */,
				1159AFB72C4453C6008DBF75 /* Resources */,
			);
			buildRules = (
			);
			dependencies = (
				1159AFBB2C4453C6008DBF75 /* PBXTargetDependency */,
			);
			name = mainsatnaUITests;
			productName = mainsatnaUITests;
			productReference = 1159AFB92C4453C6008DBF75 /* mainsatnaUITests.xctest */;
			productType = "com.apple.product-type.bundle.ui-testing";
		};
/* End PBXNativeTarget section */

/* Begin PBXProject section */
		1159AF912C4453C4008DBF75 /* Project object */ = {
			isa = PBXProject;
			attributes = {
				BuildIndependentTargetsInParallel = 1;
				LastSwiftUpdateCheck = 1540;
				LastUpgradeCheck = 1540;
				TargetAttributes = {
					1159AF982C4453C4008DBF75 = {
						CreatedOnToolsVersion = 15.4;
					};
					1159AFAE2C4453C6008DBF75 = {
						CreatedOnToolsVersion = 15.4;
						TestTargetID = 1159AF982C4453C4008DBF75;
					};
					1159AFB82C4453C6008DBF75 = {
						CreatedOnToolsVersion = 15.4;
						TestTargetID = 1159AF982C4453C4008DBF75;
					};
				};
			};
			buildConfigurationList = 1159AF942C4453C4008DBF75 /* Build configuration list for PBXProject "mainsatna" */;
			compatibilityVersion = "Xcode 14.0";
			developmentRegion = en;
			hasScannedForEncodings = 0;
			knownRegions = (
				en,
				Base,
			);
			mainGroup = 1159AF902C4453C4008DBF75;
			productRefGroup = 1159AF9A2C4453C4008DBF75 /* Products */;
			projectDirPath = "";
			projectRoot = "";
			targets = (
				1159AF982C4453C4008DBF75 /* mainsatna */,
				1159AFAE2C4453C6008DBF75 /* mainsatnaTests */,
				1159AFB82C4453C6008DBF75 /* mainsatnaUITests */,
			);
		};
/* End PBXProject section */

/* Begin PBXResourcesBuildPhase section */
		1159AF972C4453C4008DBF75 /* Resources */ = {
			isa = PBXResourcesBuildPhase;
			buildActionMask = 2147483647;
			files = (
				1159AFA62C4453C6008DBF75 /* Assets.xcassets in Resources */,
				1159AFA92C4453C6008DBF75 /* Base in Resources */,
				1159AFA42C4453C4008DBF75 /* Base in Resources */,
			);
			runOnlyForDeploymentPostprocessing = 0;
		};
		1159AFAD2C4453C6008DBF75 /* Resources */ = {
			isa = PBXResourcesBuildPhase;
			buildActionMask = 2147483647;
			files = (
			);
			runOnlyForDeploymentPostprocessing = 0;
		};
		1159AFB72C4453C6008DBF75 /* Resources */ = {
			isa = PBXResourcesBuildPhase;
			buildActionMask = 2147483647;
			files = (
			);
			runOnlyForDeploymentPostprocessing = 0;
		};
/* End PBXResourcesBuildPhase section */

/* Begin PBXSourcesBuildPhase section */
		1159AF952C4453C4008DBF75 /* Sources */ = {
			isa = PBXSourcesBuildPhase;
			buildActionMask = 2147483647;
			files = (
				1159AFA12C4453C4008DBF75 /* ViewController.swift in Sources */,
				1159AF9D2C4453C4008DBF75 /* AppDelegate.swift in Sources */,
				1159AF9F2C4453C4008DBF75 /* SceneDelegate.swift in Sources */,
			);
			runOnlyForDeploymentPostprocessing = 0;
		};
		1159AFAB2C4453C6008DBF75 /* Sources */ = {
			isa = PBXSourcesBuildPhase;
			buildActionMask = 2147483647;
			files = (
				1159AFB42C4453C6008DBF75 /* mainsatnaTests.swift in Sources */,
			);
			runOnlyForDeploymentPostprocessing = 0;
		};
		1159AFB52C4453C6008DBF75 /* Sources */ = {
			isa = PBXSourcesBuildPhase;
			buildActionMask = 2147483647;
			files = (
				1159AFBE2C4453C6008DBF75 /* mainsatnaUITests.swift in Sources */,
				1159AFC02C4453C6008DBF75 /* mainsatnaUITestsLaunchTests.swift in Sources */,
			);
			runOnlyForDeploymentPostprocessing = 0;
		};
/* End PBXSourcesBuildPhase section */

/* Begin PBXTargetDependency section */
		1159AFB12C4453C6008DBF75 /* PBXTargetDependency */ = {
			isa = PBXTargetDependency;
			target = 1159AF982C4453C4008DBF75 /* mainsatna */;
			targetProxy = 1159AFB02C4453C6008DBF75 /* PBXContainerItemProxy */;
		};
		1159AFBB2C4453C6008DBF75 /* PBXTargetDependency */ = {
			isa = PBXTargetDependency;
			target = 1159AF982C4453C4008DBF75 /* mainsatna */;
			targetProxy = 1159AFBA2C4453C6008DBF75 /* PBXContainerItemProxy */;
		};
/* End PBXTargetDependency section */

/* Begin PBXVariantGroup section */
		1159AFA22C4453C4008DBF75 /* Main.storyboard */ = {
			isa = PBXVariantGroup;
			children = (
				1159AFA32C4453C4008DBF75 /* Base */,
			);
			name = Main.storyboard;
			sourceTree = "<group>";
		};
		1159AFA72C4453C6008DBF75 /* LaunchScreen.storyboard */ = {
			isa = PBXVariantGroup;
			children = (
				1159AFA82C4453C6008DBF75 /* Base */,
			);
			name = LaunchScreen.storyboard;
			sourceTree = "<group>";
		};
/* End PBXVariantGroup section */

/* Begin XCBuildConfiguration section */
		1159AFC12C4453C6008DBF75 /* Debug */ = {
			isa = XCBuildConfiguration;
			buildSettings = {
				ALWAYS_SEARCH_USER_PATHS = NO;
				ASSETCATALOG_COMPILER_GENERATE_SWIFT_ASSET_SYMBOL_EXTENSIONS = YES;
				CLANG_ANALYZER_NONNULL = YES;
				CLANG_ANALYZER_NUMBER_OBJECT_CONVERSION = YES_AGGRESSIVE;
				CLANG_CXX_LANGUAGE_STANDARD = "gnu++20";
				CLANG_ENABLE_MODULES = YES;
				CLANG_ENABLE_OBJC_ARC = YES;
				CLANG_ENABLE_OBJC_WEAK = YES;
				CLANG_WARN_BLOCK_CAPTURE_AUTORELEASING = YES;
				CLANG_WARN_BOOL_CONVERSION = YES;
				CLANG_WARN_COMMA = YES;
				CLANG_WARN_CONSTANT_CONVERSION = YES;
				CLANG_WARN_DEPRECATED_OBJC_IMPLEMENTATIONS = YES;
				CLANG_WARN_DIRECT_OBJC_ISA_USAGE = YES_ERROR;
				CLANG_WARN_DOCUMENTATION_COMMENTS = YES;
				CLANG_WARN_EMPTY_BODY = YES;
				CLANG_WARN_ENUM_CONVERSION = YES;
				CLANG_WARN_INFINITE_RECURSION = YES;
				CLANG_WARN_INT_CONVERSION = YES;
				CLANG_WARN_NON_LITERAL_NULL_CONVERSION = YES;
				CLANG_WARN_OBJC_IMPLICIT_RETAIN_SELF = YES;
				CLANG_WARN_OBJC_LITERAL_CONVERSION = YES;
				CLANG_WARN_OBJC_ROOT_CLASS = YES_ERROR;
				CLANG_WARN_QUOTED_INCLUDE_IN_FRAMEWORK_HEADER = YES;
				CLANG_WARN_RANGE_LOOP_ANALYSIS = YES;
				CLANG_WARN_STRICT_PROTOTYPES = YES;
				CLANG_WARN_SUSPICIOUS_MOVE = YES;
				CLANG_WARN_UNGUARDED_AVAILABILITY = YES_AGGRESSIVE;
				CLANG_WARN_UNREACHABLE_CODE = YES;
				CLANG_WARN__DUPLICATE_METHOD_MATCH = YES;
				COPY_PHASE_STRIP = NO;
				DEBUG_INFORMATION_FORMAT = dwarf;
				ENABLE_STRICT_OBJC_MSGSEND = YES;
				ENABLE_TESTABILITY = YES;
				ENABLE_USER_SCRIPT_SANDBOXING = YES;
				GCC_C_LANGUAGE_STANDARD = gnu17;
				GCC_DYNAMIC_NO_PIC = NO;
				GCC_NO_COMMON_BLOCKS = YES;
				GCC_OPTIMIZATION_LEVEL = 0;
				GCC_PREPROCESSOR_DEFINITIONS = (
					"DEBUG=1",
					"$(inherited)",
				);
				GCC_WARN_64_TO_32_BIT_CONVERSION = YES;
				GCC_WARN_ABOUT_RETURN_TYPE = YES_ERROR;
				GCC_WARN_UNDECLARED_SELECTOR = YES;
				GCC_WARN_UNINITIALIZED_AUTOS = YES_AGGRESSIVE;
				GCC_WARN_UNUSED_FUNCTION = YES;
				GCC_WARN_UNUSED_VARIABLE = YES;
				IPHONEOS_DEPLOYMENT_TARGET = 17.5;
				LOCALIZATION_PREFERS_STRING_CATALOGS = YES;
				MTL_ENABLE_DEBUG_INFO = INCLUDE_SOURCE;
				MTL_FAST_MATH = YES;
				ONLY_ACTIVE_ARCH = YES;
				SDKROOT = iphoneos;
				SWIFT_ACTIVE_COMPILATION_CONDITIONS = "DEBUG $(inherited)";
				SWIFT_OPTIMIZATION_LEVEL = "-Onone";
			};
			name = Debug;
		};
		1159AFC22C4453C6008DBF75 /* Release */ = {
			isa = XCBuildConfiguration;
			buildSettings = {
				ALWAYS_SEARCH_USER_PATHS = NO;
				ASSETCATALOG_COMPILER_GENERATE_SWIFT_ASSET_SYMBOL_EXTENSIONS = YES;
				CLANG_ANALYZER_NONNULL = YES;
				CLANG_ANALYZER_NUMBER_OBJECT_CONVERSION = YES_AGGRESSIVE;
				CLANG_CXX_LANGUAGE_STANDARD = "gnu++20";
				CLANG_ENABLE_MODULES = YES;
				CLANG_ENABLE_OBJC_ARC = YES;
				CLANG_ENABLE_OBJC_WEAK = YES;
				CLANG_WARN_BLOCK_CAPTURE_AUTORELEASING = YES;
				CLANG_WARN_BOOL_CONVERSION = YES;
				CLANG_WARN_COMMA = YES;
				CLANG_WARN_CONSTANT_CONVERSION = YES;
				CLANG_WARN_DEPRECATED_OBJC_IMPLEMENTATIONS = YES;
				CLANG_WARN_DIRECT_OBJC_ISA_USAGE = YES_ERROR;
				CLANG_WARN_DOCUMENTATION_COMMENTS = YES;
				CLANG_WARN_EMPTY_BODY = YES;
				CLANG_WARN_ENUM_CONVERSION = YES;
				CLANG_WARN_INFINITE_RECURSION = YES;
				CLANG_WARN_INT_CONVERSION = YES;
				CLANG_WARN_NON_LITERAL_NULL_CONVERSION = YES;
				CLANG_WARN_OBJC_IMPLICIT_RETAIN_SELF = YES;
				CLANG_WARN_OBJC_LITERAL_CONVERSION = YES;
				CLANG_WARN_OBJC_ROOT_CLASS = YES_ERROR;
				CLANG_WARN_QUOTED_INCLUDE_IN_FRAMEWORK_HEADER = YES;
				CLANG_WARN_RANGE_LOOP_ANALYSIS = YES;
				CLANG_WARN_STRICT_PROTOTYPES = YES;
				CLANG_WARN_SUSPICIOUS_MOVE = YES;
				CLANG_WARN_UNGUARDED_AVAILABILITY = YES_AGGRESSIVE;
				CLANG_WARN_UNREACHABLE_CODE = YES;
				CLANG_WARN__DUPLICATE_METHOD_MATCH = YES;
				COPY_PHASE_STRIP = NO;
				DEBUG_INFORMATION_FORMAT = "dwarf-with-dsym";
				ENABLE_NS_ASSERTIONS = NO;
				ENABLE_STRICT_OBJC_MSGSEND = YES;
				ENABLE_USER_SCRIPT_SANDBOXING = YES;
				GCC_C_LANGUAGE_STANDARD = gnu17;
				GCC_NO_COMMON_BLOCKS = YES;
				GCC_WARN_64_TO_32_BIT_CONVERSION = YES;
				GCC_WARN_ABOUT_RETURN_TYPE = YES_ERROR;
				GCC_WARN_UNDECLARED_SELECTOR = YES;
				GCC_WARN_UNINITIALIZED_AUTOS = YES_AGGRESSIVE;
				GCC_WARN_UNUSED_FUNCTION = YES;
				GCC_WARN_UNUSED_VARIABLE = YES;
				IPHONEOS_DEPLOYMENT_TARGET = 17.5;
				LOCALIZATION_PREFERS_STRING_CATALOGS = YES;
				MTL_ENABLE_DEBUG_INFO = NO;
				MTL_FAST_MATH = YES;
				SDKROOT = iphoneos;
				SWIFT_COMPILATION_MODE = wholemodule;
				VALIDATE_PRODUCT = YES;
			};
			name = Release;
		};
		1159AFC42C4453C6008DBF75 /* Debug */ = {
			isa = XCBuildConfiguration;
			buildSettings = {
				ASSETCATALOG_COMPILER_APPICON_NAME = AppIcon;
				ASSETCATALOG_COMPILER_GLOBAL_ACCENT_COLOR_NAME = AccentColor;
				CODE_SIGN_STYLE = Automatic;
				CURRENT_PROJECT_VERSION = 1;
				GENERATE_INFOPLIST_FILE = YES;
				INFOPLIST_FILE = mainsatna/Info.plist;
				INFOPLIST_KEY_UIApplicationSupportsIndirectInputEvents = YES;
				INFOPLIST_KEY_UILaunchStoryboardName = LaunchScreen;
				INFOPLIST_KEY_UIMainStoryboardFile = Main;
				INFOPLIST_KEY_UISupportedInterfaceOrientations_iPad = "UIInterfaceOrientationPortrait UIInterfaceOrientationPortraitUpsideDown UIInterfaceOrientationLandscapeLeft UIInterfaceOrientationLandscapeRight";
				INFOPLIST_KEY_UISupportedInterfaceOrientations_iPhone = "UIInterfaceOrientationPortrait UIInterfaceOrientationLandscapeLeft UIInterfaceOrientationLandscapeRight";
				LD_RUNPATH_SEARCH_PATHS = (
					"$(inherited)",
					"@executable_path/Frameworks",
				);
				MARKETING_VERSION = 1.0;
				PRODUCT_BUNDLE_IDENTIFIER = test.mainsatna;
				PRODUCT_NAME = "$(TARGET_NAME)";
				SWIFT_EMIT_LOC_STRINGS = YES;
				SWIFT_VERSION = 5.0;
				TARGETED_DEVICE_FAMILY = "1,2";
			};
			name = Debug;
		};
		1159AFC52C4453C6008DBF75 /* Release */ = {
			isa = XCBuildConfiguration;
			buildSettings = {
				ASSETCATALOG_COMPILER_APPICON_NAME = AppIcon;
				ASSETCATALOG_COMPILER_GLOBAL_ACCENT_COLOR_NAME = AccentColor;
				CODE_SIGN_STYLE = Automatic;
				CURRENT_PROJECT_VERSION = 1;
				GENERATE_INFOPLIST_FILE = YES;
				INFOPLIST_FILE = mainsatna/Info.plist;
				INFOPLIST_KEY_UIApplicationSupportsIndirectInputEvents = YES;
				INFOPLIST_KEY_UILaunchStoryboardName = LaunchScreen;
				INFOPLIST_KEY_UIMainStoryboardFile = Main;
				INFOPLIST_KEY_UISupportedInterfaceOrientations_iPad = "UIInterfaceOrientationPortrait UIInterfaceOrientationPortraitUpsideDown UIInterfaceOrientationLandscapeLeft UIInterfaceOrientationLandscapeRight";
				INFOPLIST_KEY_UISupportedInterfaceOrientations_iPhone = "UIInterfaceOrientationPortrait UIInterfaceOrientationLandscapeLeft UIInterfaceOrientationLandscapeRight";
				LD_RUNPATH_SEARCH_PATHS = (
					"$(inherited)",
					"@executable_path/Frameworks",
				);
				MARKETING_VERSION = 1.0;
				PRODUCT_BUNDLE_IDENTIFIER = test.mainsatna;
				PRODUCT_NAME = "$(TARGET_NAME)";
				SWIFT_EMIT_LOC_STRINGS = YES;
				SWIFT_VERSION = 5.0;
				TARGETED_DEVICE_FAMILY = "1,2";
			};
			name = Release;
		};
		1159AFC72C4453C6008DBF75 /* Debug */ = {
			isa = XCBuildConfiguration;
			buildSettings = {
				ALWAYS_EMBED_SWIFT_STANDARD_LIBRARIES = YES;
				BUNDLE_LOADER = "$(TEST_HOST)";
				CODE_SIGN_STYLE = Automatic;
				CURRENT_PROJECT_VERSION = 1;
				GENERATE_INFOPLIST_FILE = YES;
				IPHONEOS_DEPLOYMENT_TARGET = 17.5;
				MARKETING_VERSION = 1.0;
				PRODUCT_BUNDLE_IDENTIFIER = test.mainsatnaTests;
				PRODUCT_NAME = "$(TARGET_NAME)";
				SWIFT_EMIT_LOC_STRINGS = NO;
				SWIFT_VERSION = 5.0;
				TARGETED_DEVICE_FAMILY = "1,2";
				TEST_HOST = "$(BUILT_PRODUCTS_DIR)/mainsatna.app/$(BUNDLE_EXECUTABLE_FOLDER_PATH)/mainsatna";
			};
			name = Debug;
		};
		1159AFC82C4453C6008DBF75 /* Release */ = {
			isa = XCBuildConfiguration;
			buildSettings = {
				ALWAYS_EMBED_SWIFT_STANDARD_LIBRARIES = YES;
				BUNDLE_LOADER = "$(TEST_HOST)";
				CODE_SIGN_STYLE = Automatic;
				CURRENT_PROJECT_VERSION = 1;
				GENERATE_INFOPLIST_FILE = YES;
				IPHONEOS_DEPLOYMENT_TARGET = 17.5;
				MARKETING_VERSION = 1.0;
				PRODUCT_BUNDLE_IDENTIFIER = test.mainsatnaTests;
				PRODUCT_NAME = "$(TARGET_NAME)";
				SWIFT_EMIT_LOC_STRINGS = NO;
				SWIFT_VERSION = 5.0;
				TARGETED_DEVICE_FAMILY = "1,2";
				TEST_HOST = "$(BUILT_PRODUCTS_DIR)/mainsatna.app/$(BUNDLE_EXECUTABLE_FOLDER_PATH)/mainsatna";
			};
			name = Release;
		};
		1159AFCA2C4453C6008DBF75 /* Debug */ = {
			isa = XCBuildConfiguration;
			buildSettings = {
				ALWAYS_EMBED_SWIFT_STANDARD_LIBRARIES = YES;
				CODE_SIGN_STYLE = Automatic;
				CURRENT_PROJECT_VERSION = 1;
				GENERATE_INFOPLIST_FILE = YES;
				MARKETING_VERSION = 1.0;
				PRODUCT_BUNDLE_IDENTIFIER = test.mainsatnaUITests;
				PRODUCT_NAME = "$(TARGET_NAME)";
				SWIFT_EMIT_LOC_STRINGS = NO;
				SWIFT_VERSION = 5.0;
				TARGETED_DEVICE_FAMILY = "1,2";
				TEST_TARGET_NAME = mainsatna;
			};
			name = Debug;
		};
		1159AFCB2C4453C6008DBF75 /* Release */ = {
			isa = XCBuildConfiguration;
			buildSettings = {
				ALWAYS_EMBED_SWIFT_STANDARD_LIBRARIES = YES;
				CODE_SIGN_STYLE = Automatic;
				CURRENT_PROJECT_VERSION = 1;
				GENERATE_INFOPLIST_FILE = YES;
				MARKETING_VERSION = 1.0;
				PRODUCT_BUNDLE_IDENTIFIER = test.mainsatnaUITests;
				PRODUCT_NAME = "$(TARGET_NAME)";
				SWIFT_EMIT_LOC_STRINGS = NO;
				SWIFT_VERSION = 5.0;
				TARGETED_DEVICE_FAMILY = "1,2";
				TEST_TARGET_NAME = mainsatna;
			};
			name = Release;
		};
/* End XCBuildConfiguration section */

/* Begin XCConfigurationList section */
		1159AF942C4453C4008DBF75 /* Build configuration list for PBXProject "mainsatna" */ = {
			isa = XCConfigurationList;
			buildConfigurations = (
				1159AFC12C4453C6008DBF75 /* Debug */,
				1159AFC22C4453C6008DBF75 /* Release */,
			);
			defaultConfigurationIsVisible = 0;
			defaultConfigurationName = Release;
		};
		1159AFC32C4453C6008DBF75 /* Build configuration list for PBXNativeTarget "mainsatna" */ = {
			isa = XCConfigurationList;
			buildConfigurations = (
				1159AFC42C4453C6008DBF75 /* Debug */,
				1159AFC52C4453C6008DBF75 /* Release */,
			);
			defaultConfigurationIsVisible = 0;
			defaultConfigurationName = Release;
		};
		1159AFC62C4453C6008DBF75 /* Build configuration list for PBXNativeTarget "mainsatnaTests" */ = {
			isa = XCConfigurationList;
			buildConfigurations = (
				1159AFC72C4453C6008DBF75 /* Debug */,
				1159AFC82C4453C6008DBF75 /* Release */,
			);
			defaultConfigurationIsVisible = 0;
			defaultConfigurationName = Release;
		};
		1159AFC92C4453C6008DBF75 /* Build configuration list for PBXNativeTarget "mainsatnaUITests" */ = {
			isa = XCConfigurationList;
			buildConfigurations = (
				1159AFCA2C4453C6008DBF75 /* Debug */,
				1159AFCB2C4453C6008DBF75 /* Release */,
			);
			defaultConfigurationIsVisible = 0;
			defaultConfigurationName = Release;
		};
/* End XCConfigurationList section */
	};
	rootObject = 1159AF912C4453C4008DBF75 /* Project object */;
}
